
Microsoft Visual Studio Solution File, Format Version 12.00
# Visual Studio Version 17
VisualStudioVersion = 17.9.34728.123
MinimumVisualStudioVersion = 10.0.40219.1
Project("{FAE04EC0-301F-11D3-BF4B-00C04F79EFBC}") = "FRONT", "FRONT\FRONT.csproj", "{0069803D-310D-4788-BE26-49D1EEEDE9C5}"
EndProject
Project("{FAE04EC0-301F-11D3-BF4B-00C04F79EFBC}") = "BACK", "BACK\BACK.csproj", "{941A7C5B-1CF8-45D2-B5CF-322D4162B6C6}"
EndProject
Global
	GlobalSection(SolutionConfigurationPlatforms) = preSolution
		Debug|Any CPU = Debug|Any CPU
		Release|Any CPU = Release|Any CPU
	EndGlobalSection
	GlobalSection(ProjectConfigurationPlatforms) = postSolution
		{0069803D-310D-4788-BE26-49D1EEEDE9C5}.Debug|Any CPU.ActiveCfg = Debug|Any CPU
		{0069803D-310D-4788-BE26-49D1EEEDE9C5}.Debug|Any CPU.Build.0 = Debug|Any CPU
		{0069803D-310D-4788-BE26-49D1EEEDE9C5}.Release|Any CPU.ActiveCfg = Release|Any CPU
		{0069803D-310D-4788-BE26-49D1EEEDE9C5}.Release|Any CPU.Build.0 = Release|Any CPU
		{941A7C5B-1CF8-45D2-B5CF-322D4162B6C6}.Debug|Any CPU.ActiveCfg = Debug|Any CPU
		{941A7C5B-1CF8-45D2-B5CF-322D4162B6C6}.Debug|Any CPU.Build.0 = Debug|Any CPU
		{941A7C5B-1CF8-45D2-B5CF-322D4162B6C6}.Release|Any CPU.ActiveCfg = Release|Any CPU
		{941A7C5B-1CF8-45D2-B5CF-322D4162B6C6}.Release|Any CPU.Build.0 = Release|Any CPU
	EndGlobalSection
	GlobalSection(SolutionProperties) = preSolution
		HideSolutionNode = FALSE
	EndGlobalSection
	GlobalSection(ExtensibilityGlobals) = postSolution
		SolutionGuid = {A153F98C-9DD0-4422-BBC7-9974FD9384F1}
	EndGlobalSection
EndGlobal
